<?xml version="1.0" encoding="utf-8"?>
<Project ToolsVersion="4.0" xmlns="http://schemas.microsoft.com/developer/msbuild/2003">
  <ItemGroup>
    <Filter Include="Source Files">
      <UniqueIdentifier>{4FC737F1-C7A5-4376-A066-2A32D752A2FF}</UniqueIdentifier>
      <Extensions>cpp;c;cc;cxx;c++;cppm;ixx;def;odl;idl;hpj;bat;asm;asmx</Extensions>
    </Filter>
    <Filter Include="Header Files">
      <UniqueIdentifier>{93995380-89BD-4b04-88EB-625FBE52EBFB}</UniqueIdentifier>
      <Extensions>h;hh;hpp;hxx;h++;hm;inl;inc;ipp;xsd</Extensions>
    </Filter>
    <Filter Include="Resource Files">
      <UniqueIdentifier>{67DA6AB6-F800-4c08-8B7A-83BB121AAD01}</UniqueIdentifier>
      <Extensions>rc;ico;cur;bmp;dlg;rc2;rct;bin;rgs;gif;jpg;jpeg;jpe;resx;tiff;tif;png;wav;mfcribbon-ms</Extensions>
    </Filter>
  </ItemGroup>
  <ItemGroup>
    <ClInclude Include="source_files\header_files\this_pointer.h">
      <Filter>Header Files</Filter>
    </ClInclude>
    <ClInclude Include="source_files\header_files\video06_EndBrace.h">
      <Filter>Header Files</Filter>
    </ClInclude>
    <ClInclude Include="source_files\header_files\video07_Log.h">
      <Filter>Header Files</Filter>
    </ClInclude>
    <ClInclude Include="source_files\header_files\video10_Common.h">
      <Filter>Header Files</Filter>
    </ClInclude>
    <ClInclude Include="source_files\header_files\video10_Log.h">
      <Filter>Header Files</Filter>
    </ClInclude>
    <ClInclude Include="source_files\header_files\video11_Log.h">
      <Filter>Header Files</Filter>
    </ClInclude>
    <ClInclude Include="source_files\header_files\video12_Log.h">
      <Filter>Header Files</Filter>
    </ClInclude>
    <ClInclude Include="source_files\header_files\video14_Log.h">
      <Filter>Header Files</Filter>
    </ClInclude>
    <ClInclude Include="source_files\header_files\video15_Log.h">
      <Filter>Header Files</Filter>
    </ClInclude>
    <ClInclude Include="source_files\header_files\video21.h">
      <Filter>Header Files</Filter>
    </ClInclude>
  </ItemGroup>
  <ItemGroup>
    <ClCompile Include="source_files\cpp_files\coding_mrs_ma.cpp">
      <Filter>Source Files</Filter>
    </ClCompile>
    <ClCompile Include="source_files\cpp_files\this_pointer.cpp">
      <Filter>Source Files</Filter>
    </ClCompile>
    <ClCompile Include="source_files\cpp_files\this_pointer_main.cpp">
      <Filter>Source Files</Filter>
    </ClCompile>
    <ClCompile Include="source_files\cpp_files\verify_array.cpp">
      <Filter>Source Files</Filter>
    </ClCompile>
    <ClCompile Include="source_files\cpp_files\video05First_video.cpp">
      <Filter>Source Files</Filter>
    </ClCompile>
    <ClCompile Include="source_files\cpp_files\video05Log.cpp">
      <Filter>Source Files</Filter>
    </ClCompile>
    <ClCompile Include="source_files\cpp_files\video06_1.cpp">
      <Filter>Source Files</Filter>
    </ClCompile>
    <ClCompile Include="source_files\cpp_files\video06_2.cpp">
      <Filter>Source Files</Filter>
    </ClCompile>
    <ClCompile Include="source_files\cpp_files\video06_Math.cpp">
      <Filter>Source Files</Filter>
    </ClCompile>
    <ClCompile Include="source_files\cpp_files\video07_01math.cpp">
      <Filter>Source Files</Filter>
    </ClCompile>
    <ClCompile Include="source_files\cpp_files\video07_Log.cpp">
      <Filter>Source Files</Filter>
    </ClCompile>
    <ClCompile Include="source_files\cpp_files\video08_main.cpp">
      <Filter>Source Files</Filter>
    </ClCompile>
    <ClCompile Include="source_files\cpp_files\video09_01.cpp">
      <Filter>Source Files</Filter>
    </ClCompile>
    <ClCompile Include="source_files\cpp_files\video10_Log.cpp">
      <Filter>Source Files</Filter>
    </ClCompile>
    <ClCompile Include="source_files\cpp_files\video10_main.cpp">
      <Filter>Source Files</Filter>
    </ClCompile>
    <ClCompile Include="source_files\cpp_files\video11_Log.cpp">
      <Filter>Source Files</Filter>
    </ClCompile>
    <ClCompile Include="source_files\cpp_files\video11_main.cpp">
      <Filter>Source Files</Filter>
    </ClCompile>
    <ClCompile Include="source_files\cpp_files\video12_Log.cpp">
      <Filter>Source Files</Filter>
    </ClCompile>
    <ClCompile Include="source_files\cpp_files\video12_main.cpp">
      <Filter>Source Files</Filter>
    </ClCompile>
    <ClCompile Include="source_files\cpp_files\video13_01.cpp">
      <Filter>Source Files</Filter>
    </ClCompile>
    <ClCompile Include="source_files\cpp_files\video14_Main.cpp">
      <Filter>Source Files</Filter>
    </ClCompile>
    <ClCompile Include="source_files\cpp_files\video15_01.cpp">
      <Filter>Source Files</Filter>
    </ClCompile>
    <ClCompile Include="source_files\cpp_files\video15_Log.cpp">
      <Filter>Source Files</Filter>
    </ClCompile>
    <ClCompile Include="source_files\cpp_files\video14_Log.cpp">
      <Filter>Source Files</Filter>
    </ClCompile>
    <ClCompile Include="source_files\cpp_files\video17_01.cpp">
      <Filter>Source Files</Filter>
    </ClCompile>
    <ClCompile Include="source_files\cpp_files\video16_01.cpp">
      <Filter>Source Files</Filter>
    </ClCompile>
    <ClCompile Include="source_files\cpp_files\video18_01.cpp">
      <Filter>Source Files</Filter>
    </ClCompile>
    <ClCompile Include="source_files\cpp_files\video19_01.cpp">
      <Filter>Source Files</Filter>
    </ClCompile>
    <ClCompile Include="source_files\cpp_files\video20_01.cpp">
      <Filter>Source Files</Filter>
    </ClCompile>
    <ClCompile Include="source_files\cpp_files\video21_01.cpp">
      <Filter>Source Files</Filter>
    </ClCompile>
    <ClCompile Include="source_files\cpp_files\video21_02.cpp">
      <Filter>Source Files</Filter>
    </ClCompile>
    <ClCompile Include="source_files\cpp_files\video22_01.cpp">
      <Filter>Source Files</Filter>
    </ClCompile>
    <ClCompile Include="source_files\cpp_files\video24_01.cpp">
      <Filter>Source Files</Filter>
    </ClCompile>
    <ClCompile Include="source_files\cpp_files\video26_01.cpp">
      <Filter>Source Files</Filter>
    </ClCompile>
    <ClCompile Include="source_files\cpp_files\video23_01.cpp">
      <Filter>Source Files</Filter>
    </ClCompile>
    <ClCompile Include="source_files\cpp_files\video27_01.cpp">
      <Filter>Source Files</Filter>
    </ClCompile>
    <ClCompile Include="source_files\cpp_files\video28_01.cpp">
      <Filter>Source Files</Filter>
    </ClCompile>
    <ClCompile Include="source_files\cpp_files\video29_01.cpp">
      <Filter>Source Files</Filter>
    </ClCompile>
    <ClCompile Include="source_files\cpp_files\video30_01.cpp">
      <Filter>Source Files</Filter>
    </ClCompile>
    <ClCompile Include="source_files\cpp_files\video30_02.cpp">
      <Filter>Source Files</Filter>
    </ClCompile>
    <ClCompile Include="source_files\cpp_files\video31_01.cpp">
      <Filter>Source Files</Filter>
    </ClCompile>
    <ClCompile Include="source_files\cpp_files\video31_02.cpp">
      <Filter>Source Files</Filter>
    </ClCompile>
    <ClCompile Include="source_files\cpp_files\video32_01.cpp">
      <Filter>Source Files</Filter>
    </ClCompile>
    <ClCompile Include="source_files\cpp_files\video32_other.cpp">
      <Filter>Source Files</Filter>
    </ClCompile>
    <ClCompile Include="source_files\cpp_files\video33_01.cpp">
      <Filter>Source Files</Filter>
    </ClCompile>
    <ClCompile Include="source_files\cpp_files\video34_02.cpp">
      <Filter>Source Files</Filter>
    </ClCompile>
    <ClCompile Include="source_files\cpp_files\video34_01.cpp">
      <Filter>Source Files</Filter>
    </ClCompile>
    <ClCompile Include="source_files\cpp_files\video35_01.cpp">
      <Filter>Source Files</Filter>
    </ClCompile>
    <ClCompile Include="source_files\cpp_files\video36_01.cpp">
      <Filter>Source Files</Filter>
    </ClCompile>
    <ClCompile Include="source_files\cpp_files\video37_01.cpp">
      <Filter>Source Files</Filter>
    </ClCompile>
    <ClCompile Include="source_files\cpp_files\video37_02.cpp">
      <Filter>Source Files</Filter>
    </ClCompile>
  </ItemGroup>
</Project>